Microsoft Visual Studio Solution File, Format Version 12.00
# Visual Studio Version 17
VisualStudioVersion = 17.5.2.0
MinimumVisualStudioVersion = 10.0.40219.1
Project("{FAE04EC0-301F-11D3-BF4B-00C04F79EFBC}") = "CustomAgent", "CustomAgent.csproj", "{610B6C07-DDDD-6EBD-C2FC-FFFB16C0FC50}"
EndProject
Global
	GlobalSection(SolutionConfigurationPlatforms) = preSolution
		Debug|Any CPU = Debug|Any CPU
		Release|Any CPU = Release|Any CPU
	EndGlobalSection
	GlobalSection(ProjectConfigurationPlatforms) = postSolution
		{610B6C07-DDDD-6EBD-C2FC-FFFB16C0FC50}.Debug|Any CPU.ActiveCfg = Debug|Any CPU
		{610B6C07-DDDD-6EBD-C2FC-FFFB16C0FC50}.Debug|Any CPU.Build.0 = Debug|Any CPU
		{610B6C07-DDDD-6EBD-C2FC-FFFB16C0FC50}.Release|Any CPU.ActiveCfg = Release|Any CPU
		{610B6C07-DDDD-6EBD-C2FC-FFFB16C0FC50}.Release|Any CPU.Build.0 = Release|Any CPU
	EndGlobalSection
	GlobalSection(SolutionProperties) = preSolution
		HideSolutionNode = FALSE
	EndGlobalSection
	GlobalSection(ExtensibilityGlobals) = postSolution
		SolutionGuid = {A9BD0D7F-5B8F-477C-85DB-25D503821B3B}
	EndGlobalSection
EndGlobal
